Microsoft Visual Studio Solution File, Format Version 11.00
# Visual Studio 2010
Project("{FAE04EC0-301F-11D3-BF4B-00C04F79EFBC}") = "Assembly-CSharp", "Assembly-CSharp.csproj", "{B574CF32-A6D4-41A6-137D-2B3824D316CE}"
EndProject
Global
	GlobalSection(SolutionConfigurationPlatforms) = preSolution
		Debug|Any CPU = Debug|Any CPU
		Release|Any CPU = Release|Any CPU
	EndGlobalSection
	GlobalSection(ProjectConfigurationPlatforms) = postSolution
		{B574CF32-A6D4-41A6-137D-2B3824D316CE}.Debug|Any CPU.ActiveCfg = Debug|Any CPU
		{B574CF32-A6D4-41A6-137D-2B3824D316CE}.Debug|Any CPU.Build.0 = Debug|Any CPU
		{B574CF32-A6D4-41A6-137D-2B3824D316CE}.Release|Any CPU.ActiveCfg = Release|Any CPU
		{B574CF32-A6D4-41A6-137D-2B3824D316CE}.Release|Any CPU.Build.0 = Release|Any CPU
	EndGlobalSection
	GlobalSection(SolutionProperties) = preSolution
		HideSolutionNode = FALSE
	EndGlobalSection
	GlobalSection(MonoDevelopProperties) = preSolution
		StartupItem = Assembly-CSharp.csproj
	EndGlobalSection
EndGlobal
